{
  "requires": true,
  "lockfileVersion": 1,
  "dependencies": {
    "ai-django-fileupload": {
      "version": "0.1.11",
      "resolved": "https://registry.npmjs.org/ai-django-fileupload/-/ai-django-fileupload-0.1.11.tgz",
      "integrity": "sha512-ODwLI3R8t/hvUyJ5xZe/sb0UjCu5T7Fi6NJVO3Z5hsODsKIagnGRnMz0mYPW/GcDrrPv+xkdp1L15vGEY8JBNQ==",
      "requires": {
        "blueimp-canvas-to-blob": "3.14.0",
        "blueimp-file-upload": "9.19.1",
        "blueimp-load-image": "2.17.0",
        "blueimp-tmpl": "3.11.0",
        "bootstrap": "3.3.7",
        "jquery": "3.2.1"
      }
    },
    "blueimp-canvas-to-blob": {
      "version": "3.14.0",
      "resolved": "https://registry.npmjs.org/blueimp-canvas-to-blob/-/blueimp-canvas-to-blob-3.14.0.tgz",
      "integrity": "sha512-i6I2CiX1VR8YwUNYBo+dM8tg89ns4TTHxSpWjaDeHKcYS3yFalpLCwDaY21/EsJMufLy2tnG4j0JN5L8OVNkKQ=="
    },
    "blueimp-file-upload": {
      "version": "9.19.1",
      "resolved": "https://registry.npmjs.org/blueimp-file-upload/-/blueimp-file-upload-9.19.1.tgz",
      "integrity": "sha512-y4jA9LNjfS8vU+vf0ysosxmEQG+7xlSi6l0tWs2HSmIavsnJFp51bzajNzO6H7WFtyciKbBuolgXmQmdT3IUBQ==",
      "requires": {
        "blueimp-canvas-to-blob": "3.5.0",
        "blueimp-load-image": "2.12.2",
        "blueimp-tmpl": "3.6.0"
      },
      "dependencies": {
        "blueimp-canvas-to-blob": {
          "version": "3.5.0",
          "resolved": "https://registry.npmjs.org/blueimp-canvas-to-blob/-/blueimp-canvas-to-blob-3.5.0.tgz",
          "integrity": "sha1-VnmsMvaig1gh8MOtZhcZ/4WpI2s=",
          "optional": true
        },
        "blueimp-load-image": {
          "version": "2.12.2",
          "resolved": "https://registry.npmjs.org/blueimp-load-image/-/blueimp-load-image-2.12.2.tgz",
          "integrity": "sha1-ahdZiquFjU+/AVQ+BjEUG1EFfIc=",
          "optional": true
        },
        "blueimp-tmpl": {
          "version": "3.6.0",
          "resolved": "https://registry.npmjs.org/blueimp-tmpl/-/blueimp-tmpl-3.6.0.tgz",
          "integrity": "sha1-pJEJddBC4rwDunfw5i0E8VSKUkw=",
          "optional": true
        }
      }
    },
    "blueimp-load-image": {
      "version": "2.17.0",
      "resolved": "https://registry.npmjs.org/blueimp-load-image/-/blueimp-load-image-2.17.0.tgz",
      "integrity": "sha512-1Ssze9beq0rV2Sl3TZ8VCZD+TerHx7KY7OvnUVZxrYdPEv/KsDacmmRno1HH7th94npa4u3ee1mXuk+n3SDxDg=="
    },
    "blueimp-tmpl": {
      "version": "3.11.0",
      "resolved": "https://registry.npmjs.org/blueimp-tmpl/-/blueimp-tmpl-3.11.0.tgz",
      "integrity": "sha512-+nzph90GQ7YzYdOJNLm1hHJrzWnWbxUGJyJVrLBD+q7HF6PIIjJVNrJCgLkFmNcNvJRKICvWuItL8NpH9Z8J5A=="
    },
    "bootstrap": {
      "version": "3.3.7",
      "resolved": "https://registry.npmjs.org/bootstrap/-/bootstrap-3.3.7.tgz",
      "integrity": "sha1-WjiTlFSfIzMIdaOxUGVldPip63E="
    },
    "jquery": {
      "version": "3.2.1",
      "resolved": "https://registry.npmjs.org/jquery/-/jquery-3.2.1.tgz",
      "integrity": "sha1-XE2d5lKvbNCncBVKYxu6ErAVx4c="
    }
  }
}
